
Microsoft Visual Studio Solution File, Format Version 12.00
# Visual Studio Version 17
VisualStudioVersion = 17.9.34701.34
MinimumVisualStudioVersion = 10.0.40219.1
Project("{FAE04EC0-301F-11D3-BF4B-00C04F79EFBC}") = "Algoritmer", "Algoritmer\Algoritmer.csproj", "{F62E0834-EDC5-46C9-A951-582497622CB5}"
EndProject
Global
	GlobalSection(SolutionConfigurationPlatforms) = preSolution
		Debug|Any CPU = Debug|Any CPU
		Release|Any CPU = Release|Any CPU
	EndGlobalSection
	GlobalSection(ProjectConfigurationPlatforms) = postSolution
		{F62E0834-EDC5-46C9-A951-582497622CB5}.Debug|Any CPU.ActiveCfg = Debug|Any CPU
		{F62E0834-EDC5-46C9-A951-582497622CB5}.Debug|Any CPU.Build.0 = Debug|Any CPU
		{F62E0834-EDC5-46C9-A951-582497622CB5}.Release|Any CPU.ActiveCfg = Release|Any CPU
		{F62E0834-EDC5-46C9-A951-582497622CB5}.Release|Any CPU.Build.0 = Release|Any CPU
	EndGlobalSection
	GlobalSection(SolutionProperties) = preSolution
		HideSolutionNode = FALSE
	EndGlobalSection
	GlobalSection(ExtensibilityGlobals) = postSolution
		SolutionGuid = {73B16CF1-8412-489F-8428-62EA9E2DAE77}
	EndGlobalSection
EndGlobal
